// !$*UTF8*$!
{
	archiveVersion = 1;
	classes = {
	};
	objectVersion = 56;
	objects = {

/* Begin PBXBuildFile section */
		01B5CDE12C29B541003E30EA /* WorldView.swift in Sources */ = {isa = PBXBuildFile; fileRef = 01B5CDE02C29B541003E30EA /* WorldView.swift */; };
		01E567F62C29BEFA00A498B0 /* Main Page Background.mp4 in Resources */ = {isa = PBXBuildFile; fileRef = 01E567F52C29BEFA00A498B0 /* Main Page Background.mp4 */; };
		01E568092C29C10000A498B0 /* Blue Duck Adult.json in Resources */ = {isa = PBXBuildFile; fileRef = 01E567F72C29C10000A498B0 /* Blue Duck Adult.json */; };
		01E5680A2C29C10000A498B0 /* Blue Duck Child.json in Resources */ = {isa = PBXBuildFile; fileRef = 01E567F82C29C10000A498B0 /* Blue Duck Child.json */; };
		01E5680B2C29C10000A498B0 /* Blue Duck Teen.json in Resources */ = {isa = PBXBuildFile; fileRef = 01E567F92C29C10000A498B0 /* Blue Duck Teen.json */; };
		01E5680C2C29C10000A498B0 /* Blue Egg.json in Resources */ = {isa = PBXBuildFile; fileRef = 01E567FA2C29C10000A498B0 /* Blue Egg.json */; };
		01E5680D2C29C10000A498B0 /* Yellow Duck Adult.json in Resources */ = {isa = PBXBuildFile; fileRef = 01E567FB2C29C10000A498B0 /* Yellow Duck Adult.json */; };
		01E5680E2C29C10000A498B0 /* Yellow Duck Child.json in Resources */ = {isa = PBXBuildFile; fileRef = 01E567FC2C29C10000A498B0 /* Yellow Duck Child.json */; };
		01E5680F2C29C10000A498B0 /* Yellow Duck Teen.json in Resources */ = {isa = PBXBuildFile; fileRef = 01E567FD2C29C10000A498B0 /* Yellow Duck Teen.json */; };
		01E568102C29C10000A498B0 /* Yellow Egg.json in Resources */ = {isa = PBXBuildFile; fileRef = 01E567FE2C29C10000A498B0 /* Yellow Egg.json */; };
		01E568112C29C10000A498B0 /* Air Balloon.json in Resources */ = {isa = PBXBuildFile; fileRef = 01E568002C29C10000A498B0 /* Air Balloon.json */; };
		01E568122C29C10000A498B0 /* Ball.json in Resources */ = {isa = PBXBuildFile; fileRef = 01E568012C29C10000A498B0 /* Ball.json */; };
		01E568132C29C10000A498B0 /* Boat.json in Resources */ = {isa = PBXBuildFile; fileRef = 01E568022C29C10000A498B0 /* Boat.json */; };
		01E568142C29C10000A498B0 /* Hat.json in Resources */ = {isa = PBXBuildFile; fileRef = 01E568032C29C10000A498B0 /* Hat.json */; };
		01E568152C29C10000A498B0 /* Lighthouse.json in Resources */ = {isa = PBXBuildFile; fileRef = 01E568042C29C10000A498B0 /* Lighthouse.json */; };
		01E568162C29C10000A498B0 /* Parasol.json in Resources */ = {isa = PBXBuildFile; fileRef = 01E568052C29C10000A498B0 /* Parasol.json */; };
		01E568172C29C10000A498B0 /* Tube.json in Resources */ = {isa = PBXBuildFile; fileRef = 01E568062C29C10000A498B0 /* Tube.json */; };
		01E5681A2C29C39800A498B0 /* Lottie in Frameworks */ = {isa = PBXBuildFile; productRef = 01E568192C29C39800A498B0 /* Lottie */; };
		01E5681C2C29C3B300A498B0 /* LottieView.swift in Sources */ = {isa = PBXBuildFile; fileRef = 01E5681B2C29C3B300A498B0 /* LottieView.swift */; };
		01E5681E2C29C52000A498B0 /* CheckInCameraView.swift in Sources */ = {isa = PBXBuildFile; fileRef = 01E5681D2C29C52000A498B0 /* CheckInCameraView.swift */; };
		01E568202C29CB3D00A498B0 /* CameraView.swift in Sources */ = {isa = PBXBuildFile; fileRef = 01E5681F2C29CB3D00A498B0 /* CameraView.swift */; };
		01FD144D2C29CE3600D65ECD /* CheckInCapturedPhotoView.swift in Sources */ = {isa = PBXBuildFile; fileRef = 01FD144C2C29CE3600D65ECD /* CheckInCapturedPhotoView.swift */; };
		586259EF2C288D0400B2DE8B /* RewardsClaimView.swift in Sources */ = {isa = PBXBuildFile; fileRef = 586259EE2C288D0400B2DE8B /* RewardsClaimView.swift */; };
		922C135B2C29A2E8006E4EB7 /* DetailPlaceView.swift in Sources */ = {isa = PBXBuildFile; fileRef = 922C135A2C29A2E8006E4EB7 /* DetailPlaceView.swift */; };
		9D531B1D2C282EAD003092E9 /* Story 1.mp4 in Resources */ = {isa = PBXBuildFile; fileRef = 9D531B1A2C282EAD003092E9 /* Story 1.mp4 */; };
		9D531B1E2C282EAD003092E9 /* Home.mp4 in Resources */ = {isa = PBXBuildFile; fileRef = 9D531B1B2C282EAD003092E9 /* Home.mp4 */; };
		9D531B1F2C282EAD003092E9 /* Story 2.mp4 in Resources */ = {isa = PBXBuildFile; fileRef = 9D531B1C2C282EAD003092E9 /* Story 2.mp4 */; };
		9D531B212C283298003092E9 /* Router.swift in Sources */ = {isa = PBXBuildFile; fileRef = 9D531B202C283298003092E9 /* Router.swift */; };
		9D531B232C2838A6003092E9 /* HomeView.swift in Sources */ = {isa = PBXBuildFile; fileRef = 9D531B222C2838A6003092E9 /* HomeView.swift */; };
		9D531B252C2838D6003092E9 /* SplashScreenView.swift in Sources */ = {isa = PBXBuildFile; fileRef = 9D531B242C2838D5003092E9 /* SplashScreenView.swift */; };
		9D531B272C28391F003092E9 /* StoryFirstView.swift in Sources */ = {isa = PBXBuildFile; fileRef = 9D531B262C28391F003092E9 /* StoryFirstView.swift */; };
		9D6B1B9E2C285871007FDE25 /* VideoPLayerViewModel.swift in Sources */ = {isa = PBXBuildFile; fileRef = 9D6B1B9D2C285871007FDE25 /* VideoPLayerViewModel.swift */; };
		9D6B1BA02C2858B8007FDE25 /* VideoPlayerContainerView.swift in Sources */ = {isa = PBXBuildFile; fileRef = 9D6B1B9F2C2858B8007FDE25 /* VideoPlayerContainerView.swift */; };
		9D6B1BA22C2867D7007FDE25 /* Lato-ExtraBold.ttf in Resources */ = {isa = PBXBuildFile; fileRef = 9D6B1BA12C2867D7007FDE25 /* Lato-ExtraBold.ttf */; };
		9D6B1BA42C2932AE007FDE25 /* StorySecondView.swift in Sources */ = {isa = PBXBuildFile; fileRef = 9D6B1BA32C2932AE007FDE25 /* StorySecondView.swift */; };
		9D870E642C252BD4002071FC /* VideoPlayerUIView.swift in Sources */ = {isa = PBXBuildFile; fileRef = 9D870E632C252BD4002071FC /* VideoPlayerUIView.swift */; };
		9D870E662C252C1B002071FC /* LoopingVideoPlayerView.swift in Sources */ = {isa = PBXBuildFile; fileRef = 9D870E652C252C1B002071FC /* LoopingVideoPlayerView.swift */; };
		9D870E712C25653F002071FC /* SampleData+Achievement.swift in Sources */ = {isa = PBXBuildFile; fileRef = 9D870E6E2C25653F002071FC /* SampleData+Achievement.swift */; };
		9D870E752C25654F002071FC /* ModelContainerPreview.swift in Sources */ = {isa = PBXBuildFile; fileRef = 9D870E722C25654F002071FC /* ModelContainerPreview.swift */; };
		9D870E762C25654F002071FC /* Preview+ModelContainer.swift in Sources */ = {isa = PBXBuildFile; fileRef = 9D870E732C25654F002071FC /* Preview+ModelContainer.swift */; };
		9D870E782C278FAB002071FC /* SampleData+User.swift in Sources */ = {isa = PBXBuildFile; fileRef = 9D870E772C278FAB002071FC /* SampleData+User.swift */; };
		9D870E7A2C27908D002071FC /* SampleData+Place.swift in Sources */ = {isa = PBXBuildFile; fileRef = 9D870E792C27908D002071FC /* SampleData+Place.swift */; };
		9D870E7C2C2791D2002071FC /* SampleData+Mission.swift in Sources */ = {isa = PBXBuildFile; fileRef = 9D870E7B2C2791D2002071FC /* SampleData+Mission.swift */; };
		9D870E7E2C2799D1002071FC /* SwiftDataInsertion.swift in Sources */ = {isa = PBXBuildFile; fileRef = 9D870E7D2C2799D1002071FC /* SwiftDataInsertion.swift */; };
		9D870E802C279AF1002071FC /* MainView.swift in Sources */ = {isa = PBXBuildFile; fileRef = 9D870E7F2C279AF1002071FC /* MainView.swift */; };
		9DAAD3892C227B03001590F4 /* AudioManager.swift in Sources */ = {isa = PBXBuildFile; fileRef = 9DAAD3882C227B03001590F4 /* AudioManager.swift */; };
		9DAAD38B2C227C18001590F4 /* HapticManager.swift in Sources */ = {isa = PBXBuildFile; fileRef = 9DAAD38A2C227C18001590F4 /* HapticManager.swift */; };
		9DAAD3992C227FFF001590F4 /* Lato-Black.ttf in Resources */ = {isa = PBXBuildFile; fileRef = 9DAAD38D2C227FFF001590F4 /* Lato-Black.ttf */; };
		9DAAD39A2C227FFF001590F4 /* Lato-BlackItalic.ttf in Resources */ = {isa = PBXBuildFile; fileRef = 9DAAD38E2C227FFF001590F4 /* Lato-BlackItalic.ttf */; };
		9DAAD39B2C227FFF001590F4 /* Lato-Bold.ttf in Resources */ = {isa = PBXBuildFile; fileRef = 9DAAD38F2C227FFF001590F4 /* Lato-Bold.ttf */; };
		9DAAD39C2C227FFF001590F4 /* Lato-BoldItalic.ttf in Resources */ = {isa = PBXBuildFile; fileRef = 9DAAD3902C227FFF001590F4 /* Lato-BoldItalic.ttf */; };
		9DAAD39D2C227FFF001590F4 /* Lato-Italic.ttf in Resources */ = {isa = PBXBuildFile; fileRef = 9DAAD3912C227FFF001590F4 /* Lato-Italic.ttf */; };
		9DAAD39E2C227FFF001590F4 /* Lato-Light.ttf in Resources */ = {isa = PBXBuildFile; fileRef = 9DAAD3922C227FFF001590F4 /* Lato-Light.ttf */; };
		9DAAD39F2C227FFF001590F4 /* Lato-LightItalic.ttf in Resources */ = {isa = PBXBuildFile; fileRef = 9DAAD3932C227FFF001590F4 /* Lato-LightItalic.ttf */; };
		9DAAD3A02C227FFF001590F4 /* Lato-Regular.ttf in Resources */ = {isa = PBXBuildFile; fileRef = 9DAAD3942C227FFF001590F4 /* Lato-Regular.ttf */; };
		9DAAD3A12C227FFF001590F4 /* Lato-Thin.ttf in Resources */ = {isa = PBXBuildFile; fileRef = 9DAAD3952C227FFF001590F4 /* Lato-Thin.ttf */; };
		9DAAD3A22C227FFF001590F4 /* Lato-ThinItalic.ttf in Resources */ = {isa = PBXBuildFile; fileRef = 9DAAD3962C227FFF001590F4 /* Lato-ThinItalic.ttf */; };
		9DAAD3A32C227FFF001590F4 /* OFL.txt in Resources */ = {isa = PBXBuildFile; fileRef = 9DAAD3972C227FFF001590F4 /* OFL.txt */; };
		9DAAD3A62C2287AF001590F4 /* FontView.swift in Sources */ = {isa = PBXBuildFile; fileRef = 9DAAD3A52C2287AF001590F4 /* FontView.swift */; };
		9DC119742C1957ED00ECF58C /* QuackaryApp.swift in Sources */ = {isa = PBXBuildFile; fileRef = 9DC119732C1957ED00ECF58C /* QuackaryApp.swift */; };
		9DC119762C1957ED00ECF58C /* ContentView.swift in Sources */ = {isa = PBXBuildFile; fileRef = 9DC119752C1957ED00ECF58C /* ContentView.swift */; };
		9DC119782C1957ED00ECF58C /* Item.swift in Sources */ = {isa = PBXBuildFile; fileRef = 9DC119772C1957ED00ECF58C /* Item.swift */; };
		9DC1197A2C1957EE00ECF58C /* Assets.xcassets in Resources */ = {isa = PBXBuildFile; fileRef = 9DC119792C1957EE00ECF58C /* Assets.xcassets */; };
		9DC1197D2C1957EE00ECF58C /* Preview Assets.xcassets in Resources */ = {isa = PBXBuildFile; fileRef = 9DC1197C2C1957EE00ECF58C /* Preview Assets.xcassets */; };
		9DC119842C195C6D00ECF58C /* ShakeView.swift in Sources */ = {isa = PBXBuildFile; fileRef = 9DC119832C195C6D00ECF58C /* ShakeView.swift */; };
		9DE706F02C22AC8400A419E6 /* User.swift in Sources */ = {isa = PBXBuildFile; fileRef = 9DE706EF2C22AC8400A419E6 /* User.swift */; };
		9DE706F22C239D5C00A419E6 /* Place.swift in Sources */ = {isa = PBXBuildFile; fileRef = 9DE706F12C239D5C00A419E6 /* Place.swift */; };
		9DE706F42C239E7D00A419E6 /* Achievement.swift in Sources */ = {isa = PBXBuildFile; fileRef = 9DE706F32C239E7D00A419E6 /* Achievement.swift */; };
		9DE706F62C239F7A00A419E6 /* Mission.swift in Sources */ = {isa = PBXBuildFile; fileRef = 9DE706F52C239F7A00A419E6 /* Mission.swift */; };
		9DE706F82C242DAC00A419E6 /* AchievementViewModel.swift in Sources */ = {isa = PBXBuildFile; fileRef = 9DE706F72C242DAC00A419E6 /* AchievementViewModel.swift */; };
		9DE706FA2C242E9300A419E6 /* AchievementView.swift in Sources */ = {isa = PBXBuildFile; fileRef = 9DE706F92C242E9300A419E6 /* AchievementView.swift */; };
		9DE706FE2C2510F800A419E6 /* GachaView.swift in Sources */ = {isa = PBXBuildFile; fileRef = 9DE706FD2C2510F800A419E6 /* GachaView.swift */; };
		9DE707002C25113C00A419E6 /* VideoPlayerView.swift in Sources */ = {isa = PBXBuildFile; fileRef = 9DE706FF2C25113C00A419E6 /* VideoPlayerView.swift */; };
		9DE707032C2512EE00A419E6 /* Gacha Screen Shake.mp4 in Resources */ = {isa = PBXBuildFile; fileRef = 9DE707022C2512EE00A419E6 /* Gacha Screen Shake.mp4 */; };
		9DE707052C25140300A419E6 /* Gacha Screen 1.mp4 in Resources */ = {isa = PBXBuildFile; fileRef = 9DE707042C25140300A419E6 /* Gacha Screen 1.mp4 */; };
		E40A7C162C2A886300736EE1 /* places_detail.json in Resources */ = {isa = PBXBuildFile; fileRef = E40A7C152C2A886300736EE1 /* places_detail.json */; };
		E4DC6C272C1968F300DB851F /* ShakeViewModel.swift in Sources */ = {isa = PBXBuildFile; fileRef = E4DC6C262C1968F300DB851F /* ShakeViewModel.swift */; };
		E4DC6C292C19695600DB851F /* DeviceShakeViewModifier.swift in Sources */ = {isa = PBXBuildFile; fileRef = E4DC6C282C19695600DB851F /* DeviceShakeViewModifier.swift */; };
		E4DC6C2B2C19697200DB851F /* ShakeDetection.swift in Sources */ = {isa = PBXBuildFile; fileRef = E4DC6C2A2C19697200DB851F /* ShakeDetection.swift */; };
/* End PBXBuildFile section */

/* Begin PBXFileReference section */
		01B5CDE02C29B541003E30EA /* WorldView.swift */ = {isa = PBXFileReference; lastKnownFileType = sourcecode.swift; path = WorldView.swift; sourceTree = "<group>"; };
		01E567F52C29BEFA00A498B0 /* Main Page Background.mp4 */ = {isa = PBXFileReference; lastKnownFileType = file; path = "Main Page Background.mp4"; sourceTree = "<group>"; };
		01E567F72C29C10000A498B0 /* Blue Duck Adult.json */ = {isa = PBXFileReference; fileEncoding = 4; lastKnownFileType = text.json; path = "Blue Duck Adult.json"; sourceTree = "<group>"; };
		01E567F82C29C10000A498B0 /* Blue Duck Child.json */ = {isa = PBXFileReference; fileEncoding = 4; lastKnownFileType = text.json; path = "Blue Duck Child.json"; sourceTree = "<group>"; };
		01E567F92C29C10000A498B0 /* Blue Duck Teen.json */ = {isa = PBXFileReference; fileEncoding = 4; lastKnownFileType = text.json; path = "Blue Duck Teen.json"; sourceTree = "<group>"; };
		01E567FA2C29C10000A498B0 /* Blue Egg.json */ = {isa = PBXFileReference; fileEncoding = 4; lastKnownFileType = text.json; path = "Blue Egg.json"; sourceTree = "<group>"; };
		01E567FB2C29C10000A498B0 /* Yellow Duck Adult.json */ = {isa = PBXFileReference; fileEncoding = 4; lastKnownFileType = text.json; path = "Yellow Duck Adult.json"; sourceTree = "<group>"; };
		01E567FC2C29C10000A498B0 /* Yellow Duck Child.json */ = {isa = PBXFileReference; fileEncoding = 4; lastKnownFileType = text.json; path = "Yellow Duck Child.json"; sourceTree = "<group>"; };
		01E567FD2C29C10000A498B0 /* Yellow Duck Teen.json */ = {isa = PBXFileReference; fileEncoding = 4; lastKnownFileType = text.json; path = "Yellow Duck Teen.json"; sourceTree = "<group>"; };
		01E567FE2C29C10000A498B0 /* Yellow Egg.json */ = {isa = PBXFileReference; fileEncoding = 4; lastKnownFileType = text.json; path = "Yellow Egg.json"; sourceTree = "<group>"; };
		01E568002C29C10000A498B0 /* Air Balloon.json */ = {isa = PBXFileReference; fileEncoding = 4; lastKnownFileType = text.json; path = "Air Balloon.json"; sourceTree = "<group>"; };
		01E568012C29C10000A498B0 /* Ball.json */ = {isa = PBXFileReference; fileEncoding = 4; lastKnownFileType = text.json; path = Ball.json; sourceTree = "<group>"; };
		01E568022C29C10000A498B0 /* Boat.json */ = {isa = PBXFileReference; fileEncoding = 4; lastKnownFileType = text.json; path = Boat.json; sourceTree = "<group>"; };
		01E568032C29C10000A498B0 /* Hat.json */ = {isa = PBXFileReference; fileEncoding = 4; lastKnownFileType = text.json; path = Hat.json; sourceTree = "<group>"; };
		01E568042C29C10000A498B0 /* Lighthouse.json */ = {isa = PBXFileReference; fileEncoding = 4; lastKnownFileType = text.json; path = Lighthouse.json; sourceTree = "<group>"; };
		01E568052C29C10000A498B0 /* Parasol.json */ = {isa = PBXFileReference; fileEncoding = 4; lastKnownFileType = text.json; path = Parasol.json; sourceTree = "<group>"; };
		01E568062C29C10000A498B0 /* Tube.json */ = {isa = PBXFileReference; fileEncoding = 4; lastKnownFileType = text.json; path = Tube.json; sourceTree = "<group>"; };
		01E5681B2C29C3B300A498B0 /* LottieView.swift */ = {isa = PBXFileReference; lastKnownFileType = sourcecode.swift; path = LottieView.swift; sourceTree = "<group>"; };
		01E5681D2C29C52000A498B0 /* CheckInCameraView.swift */ = {isa = PBXFileReference; lastKnownFileType = sourcecode.swift; path = CheckInCameraView.swift; sourceTree = "<group>"; };
		01E5681F2C29CB3D00A498B0 /* CameraView.swift */ = {isa = PBXFileReference; lastKnownFileType = sourcecode.swift; path = CameraView.swift; sourceTree = "<group>"; };
		01FD144C2C29CE3600D65ECD /* CheckInCapturedPhotoView.swift */ = {isa = PBXFileReference; lastKnownFileType = sourcecode.swift; path = CheckInCapturedPhotoView.swift; sourceTree = "<group>"; };
		586259EE2C288D0400B2DE8B /* RewardsClaimView.swift */ = {isa = PBXFileReference; lastKnownFileType = sourcecode.swift; path = RewardsClaimView.swift; sourceTree = "<group>"; };
		922C135A2C29A2E8006E4EB7 /* DetailPlaceView.swift */ = {isa = PBXFileReference; lastKnownFileType = sourcecode.swift; path = DetailPlaceView.swift; sourceTree = "<group>"; };
		9D531B1A2C282EAD003092E9 /* Story 1.mp4 */ = {isa = PBXFileReference; lastKnownFileType = file; path = "Story 1.mp4"; sourceTree = "<group>"; };
		9D531B1B2C282EAD003092E9 /* Home.mp4 */ = {isa = PBXFileReference; lastKnownFileType = file; path = Home.mp4; sourceTree = "<group>"; };
		9D531B1C2C282EAD003092E9 /* Story 2.mp4 */ = {isa = PBXFileReference; lastKnownFileType = file; path = "Story 2.mp4"; sourceTree = "<group>"; };
		9D531B202C283298003092E9 /* Router.swift */ = {isa = PBXFileReference; lastKnownFileType = sourcecode.swift; path = Router.swift; sourceTree = "<group>"; };
		9D531B222C2838A6003092E9 /* HomeView.swift */ = {isa = PBXFileReference; lastKnownFileType = sourcecode.swift; path = HomeView.swift; sourceTree = "<group>"; };
		9D531B242C2838D5003092E9 /* SplashScreenView.swift */ = {isa = PBXFileReference; lastKnownFileType = sourcecode.swift; path = SplashScreenView.swift; sourceTree = "<group>"; };
		9D531B262C28391F003092E9 /* StoryFirstView.swift */ = {isa = PBXFileReference; lastKnownFileType = sourcecode.swift; path = StoryFirstView.swift; sourceTree = "<group>"; };
		9D6B1B9D2C285871007FDE25 /* VideoPLayerViewModel.swift */ = {isa = PBXFileReference; lastKnownFileType = sourcecode.swift; path = VideoPLayerViewModel.swift; sourceTree = "<group>"; };
		9D6B1B9F2C2858B8007FDE25 /* VideoPlayerContainerView.swift */ = {isa = PBXFileReference; lastKnownFileType = sourcecode.swift; path = VideoPlayerContainerView.swift; sourceTree = "<group>"; };
		9D6B1BA12C2867D7007FDE25 /* Lato-ExtraBold.ttf */ = {isa = PBXFileReference; lastKnownFileType = file; path = "Lato-ExtraBold.ttf"; sourceTree = "<group>"; };
		9D6B1BA32C2932AE007FDE25 /* StorySecondView.swift */ = {isa = PBXFileReference; lastKnownFileType = sourcecode.swift; path = StorySecondView.swift; sourceTree = "<group>"; };
		9D870E632C252BD4002071FC /* VideoPlayerUIView.swift */ = {isa = PBXFileReference; lastKnownFileType = sourcecode.swift; path = VideoPlayerUIView.swift; sourceTree = "<group>"; };
		9D870E652C252C1B002071FC /* LoopingVideoPlayerView.swift */ = {isa = PBXFileReference; lastKnownFileType = sourcecode.swift; path = LoopingVideoPlayerView.swift; sourceTree = "<group>"; };
		9D870E6E2C25653F002071FC /* SampleData+Achievement.swift */ = {isa = PBXFileReference; fileEncoding = 4; lastKnownFileType = sourcecode.swift; path = "SampleData+Achievement.swift"; sourceTree = "<group>"; };
		9D870E722C25654F002071FC /* ModelContainerPreview.swift */ = {isa = PBXFileReference; fileEncoding = 4; lastKnownFileType = sourcecode.swift; path = ModelContainerPreview.swift; sourceTree = "<group>"; };
		9D870E732C25654F002071FC /* Preview+ModelContainer.swift */ = {isa = PBXFileReference; fileEncoding = 4; lastKnownFileType = sourcecode.swift; path = "Preview+ModelContainer.swift"; sourceTree = "<group>"; };
		9D870E772C278FAB002071FC /* SampleData+User.swift */ = {isa = PBXFileReference; lastKnownFileType = sourcecode.swift; path = "SampleData+User.swift"; sourceTree = "<group>"; };
		9D870E792C27908D002071FC /* SampleData+Place.swift */ = {isa = PBXFileReference; lastKnownFileType = sourcecode.swift; path = "SampleData+Place.swift"; sourceTree = "<group>"; };
		9D870E7B2C2791D2002071FC /* SampleData+Mission.swift */ = {isa = PBXFileReference; lastKnownFileType = sourcecode.swift; path = "SampleData+Mission.swift"; sourceTree = "<group>"; };
		9D870E7D2C2799D1002071FC /* SwiftDataInsertion.swift */ = {isa = PBXFileReference; lastKnownFileType = sourcecode.swift; path = SwiftDataInsertion.swift; sourceTree = "<group>"; };
		9D870E7F2C279AF1002071FC /* MainView.swift */ = {isa = PBXFileReference; lastKnownFileType = sourcecode.swift; path = MainView.swift; sourceTree = "<group>"; };
		9DAAD3882C227B03001590F4 /* AudioManager.swift */ = {isa = PBXFileReference; lastKnownFileType = sourcecode.swift; path = AudioManager.swift; sourceTree = "<group>"; };
		9DAAD38A2C227C18001590F4 /* HapticManager.swift */ = {isa = PBXFileReference; lastKnownFileType = sourcecode.swift; path = HapticManager.swift; sourceTree = "<group>"; };
		9DAAD38D2C227FFF001590F4 /* Lato-Black.ttf */ = {isa = PBXFileReference; lastKnownFileType = file; path = "Lato-Black.ttf"; sourceTree = "<group>"; };
		9DAAD38E2C227FFF001590F4 /* Lato-BlackItalic.ttf */ = {isa = PBXFileReference; lastKnownFileType = file; path = "Lato-BlackItalic.ttf"; sourceTree = "<group>"; };
		9DAAD38F2C227FFF001590F4 /* Lato-Bold.ttf */ = {isa = PBXFileReference; lastKnownFileType = file; path = "Lato-Bold.ttf"; sourceTree = "<group>"; };
		9DAAD3902C227FFF001590F4 /* Lato-BoldItalic.ttf */ = {isa = PBXFileReference; lastKnownFileType = file; path = "Lato-BoldItalic.ttf"; sourceTree = "<group>"; };
		9DAAD3912C227FFF001590F4 /* Lato-Italic.ttf */ = {isa = PBXFileReference; lastKnownFileType = file; path = "Lato-Italic.ttf"; sourceTree = "<group>"; };
		9DAAD3922C227FFF001590F4 /* Lato-Light.ttf */ = {isa = PBXFileReference; lastKnownFileType = file; path = "Lato-Light.ttf"; sourceTree = "<group>"; };
		9DAAD3932C227FFF001590F4 /* Lato-LightItalic.ttf */ = {isa = PBXFileReference; lastKnownFileType = file; path = "Lato-LightItalic.ttf"; sourceTree = "<group>"; };
		9DAAD3942C227FFF001590F4 /* Lato-Regular.ttf */ = {isa = PBXFileReference; lastKnownFileType = file; path = "Lato-Regular.ttf"; sourceTree = "<group>"; };
		9DAAD3952C227FFF001590F4 /* Lato-Thin.ttf */ = {isa = PBXFileReference; lastKnownFileType = file; path = "Lato-Thin.ttf"; sourceTree = "<group>"; };
		9DAAD3962C227FFF001590F4 /* Lato-ThinItalic.ttf */ = {isa = PBXFileReference; lastKnownFileType = file; path = "Lato-ThinItalic.ttf"; sourceTree = "<group>"; };
		9DAAD3972C227FFF001590F4 /* OFL.txt */ = {isa = PBXFileReference; fileEncoding = 4; lastKnownFileType = text; path = OFL.txt; sourceTree = "<group>"; };
		9DAAD3A42C2281D8001590F4 /* Info.plist */ = {isa = PBXFileReference; lastKnownFileType = text.plist; path = Info.plist; sourceTree = "<group>"; };
		9DAAD3A52C2287AF001590F4 /* FontView.swift */ = {isa = PBXFileReference; lastKnownFileType = sourcecode.swift; path = FontView.swift; sourceTree = "<group>"; };
		9DC119702C1957ED00ECF58C /* Quackary.app */ = {isa = PBXFileReference; explicitFileType = wrapper.application; includeInIndex = 0; path = Quackary.app; sourceTree = BUILT_PRODUCTS_DIR; };
		9DC119732C1957ED00ECF58C /* QuackaryApp.swift */ = {isa = PBXFileReference; lastKnownFileType = sourcecode.swift; path = QuackaryApp.swift; sourceTree = "<group>"; };
		9DC119752C1957ED00ECF58C /* ContentView.swift */ = {isa = PBXFileReference; lastKnownFileType = sourcecode.swift; path = ContentView.swift; sourceTree = "<group>"; };
		9DC119772C1957ED00ECF58C /* Item.swift */ = {isa = PBXFileReference; lastKnownFileType = sourcecode.swift; path = Item.swift; sourceTree = "<group>"; };
		9DC119792C1957EE00ECF58C /* Assets.xcassets */ = {isa = PBXFileReference; lastKnownFileType = folder.assetcatalog; path = Assets.xcassets; sourceTree = "<group>"; };
		9DC1197C2C1957EE00ECF58C /* Preview Assets.xcassets */ = {isa = PBXFileReference; lastKnownFileType = folder.assetcatalog; path = "Preview Assets.xcassets"; sourceTree = "<group>"; };
		9DC119832C195C6D00ECF58C /* ShakeView.swift */ = {isa = PBXFileReference; lastKnownFileType = sourcecode.swift; path = ShakeView.swift; sourceTree = "<group>"; };
		9DE706EF2C22AC8400A419E6 /* User.swift */ = {isa = PBXFileReference; lastKnownFileType = sourcecode.swift; path = User.swift; sourceTree = "<group>"; };
		9DE706F12C239D5C00A419E6 /* Place.swift */ = {isa = PBXFileReference; lastKnownFileType = sourcecode.swift; path = Place.swift; sourceTree = "<group>"; };
		9DE706F32C239E7D00A419E6 /* Achievement.swift */ = {isa = PBXFileReference; lastKnownFileType = sourcecode.swift; path = Achievement.swift; sourceTree = "<group>"; };
		9DE706F52C239F7A00A419E6 /* Mission.swift */ = {isa = PBXFileReference; lastKnownFileType = sourcecode.swift; path = Mission.swift; sourceTree = "<group>"; };
		9DE706F72C242DAC00A419E6 /* AchievementViewModel.swift */ = {isa = PBXFileReference; lastKnownFileType = sourcecode.swift; path = AchievementViewModel.swift; sourceTree = "<group>"; };
		9DE706F92C242E9300A419E6 /* AchievementView.swift */ = {isa = PBXFileReference; lastKnownFileType = sourcecode.swift; path = AchievementView.swift; sourceTree = "<group>"; };
		9DE706FD2C2510F800A419E6 /* GachaView.swift */ = {isa = PBXFileReference; lastKnownFileType = sourcecode.swift; path = GachaView.swift; sourceTree = "<group>"; };
		9DE706FF2C25113C00A419E6 /* VideoPlayerView.swift */ = {isa = PBXFileReference; lastKnownFileType = sourcecode.swift; path = VideoPlayerView.swift; sourceTree = "<group>"; };
		9DE707022C2512EE00A419E6 /* Gacha Screen Shake.mp4 */ = {isa = PBXFileReference; lastKnownFileType = file; path = "Gacha Screen Shake.mp4"; sourceTree = "<group>"; };
		9DE707042C25140300A419E6 /* Gacha Screen 1.mp4 */ = {isa = PBXFileReference; lastKnownFileType = file; path = "Gacha Screen 1.mp4"; sourceTree = "<group>"; };
		E40A7C152C2A886300736EE1 /* places_detail.json */ = {isa = PBXFileReference; fileEncoding = 4; lastKnownFileType = text.json; name = places_detail.json; path = ../../../../../../../../../Downloads/places_detail.json; sourceTree = "<group>"; };
		E4DC6C262C1968F300DB851F /* ShakeViewModel.swift */ = {isa = PBXFileReference; lastKnownFileType = sourcecode.swift; path = ShakeViewModel.swift; sourceTree = "<group>"; };
		E4DC6C282C19695600DB851F /* DeviceShakeViewModifier.swift */ = {isa = PBXFileReference; lastKnownFileType = sourcecode.swift; path = DeviceShakeViewModifier.swift; sourceTree = "<group>"; };
		E4DC6C2A2C19697200DB851F /* ShakeDetection.swift */ = {isa = PBXFileReference; lastKnownFileType = sourcecode.swift; path = ShakeDetection.swift; sourceTree = "<group>"; };
/* End PBXFileReference section */

/* Begin PBXFrameworksBuildPhase section */
		9DC1196D2C1957ED00ECF58C /* Frameworks */ = {
			isa = PBXFrameworksBuildPhase;
			buildActionMask = 2147483647;
			files = (
				01E5681A2C29C39800A498B0 /* Lottie in Frameworks */,
			);
			runOnlyForDeploymentPostprocessing = 0;
		};
/* End PBXFrameworksBuildPhase section */

/* Begin PBXGroup section */
		01E567FF2C29C10000A498B0 /* Duck */ = {
			isa = PBXGroup;
			children = (
				01E567F72C29C10000A498B0 /* Blue Duck Adult.json */,
				01E567F82C29C10000A498B0 /* Blue Duck Child.json */,
				01E567F92C29C10000A498B0 /* Blue Duck Teen.json */,
				01E567FA2C29C10000A498B0 /* Blue Egg.json */,
				01E567FB2C29C10000A498B0 /* Yellow Duck Adult.json */,
				01E567FC2C29C10000A498B0 /* Yellow Duck Child.json */,
				01E567FD2C29C10000A498B0 /* Yellow Duck Teen.json */,
				01E567FE2C29C10000A498B0 /* Yellow Egg.json */,
			);
			path = Duck;
			sourceTree = "<group>";
		};
		01E568072C29C10000A498B0 /* Object */ = {
			isa = PBXGroup;
			children = (
				01E568002C29C10000A498B0 /* Air Balloon.json */,
				01E568012C29C10000A498B0 /* Ball.json */,
				01E568022C29C10000A498B0 /* Boat.json */,
				01E568032C29C10000A498B0 /* Hat.json */,
				01E568042C29C10000A498B0 /* Lighthouse.json */,
				01E568052C29C10000A498B0 /* Parasol.json */,
				01E568062C29C10000A498B0 /* Tube.json */,
			);
			path = Object;
			sourceTree = "<group>";
		};
		01E568082C29C10000A498B0 /* LottieJson */ = {
			isa = PBXGroup;
			children = (
				01E567FF2C29C10000A498B0 /* Duck */,
				01E568072C29C10000A498B0 /* Object */,
			);
			path = LottieJson;
			sourceTree = "<group>";
		};
		9D870E6F2C25653F002071FC /* SampleData */ = {
			isa = PBXGroup;
			children = (
				E40A7C152C2A886300736EE1 /* places_detail.json */,
				9D870E6E2C25653F002071FC /* SampleData+Achievement.swift */,
				9D870E772C278FAB002071FC /* SampleData+User.swift */,
				9D870E792C27908D002071FC /* SampleData+Place.swift */,
				9D870E7B2C2791D2002071FC /* SampleData+Mission.swift */,
				9D870E7D2C2799D1002071FC /* SwiftDataInsertion.swift */,
			);
			path = SampleData;
			sourceTree = "<group>";
		};
		9D870E742C25654F002071FC /* PreviewHelper */ = {
			isa = PBXGroup;
			children = (
				9D870E722C25654F002071FC /* ModelContainerPreview.swift */,
				9D870E732C25654F002071FC /* Preview+ModelContainer.swift */,
			);
			path = PreviewHelper;
			sourceTree = "<group>";
		};
		9DAAD38C2C227FD9001590F4 /* Fonts */ = {
			isa = PBXGroup;
			children = (
				9DAAD3982C227FFF001590F4 /* Lato */,
			);
			path = Fonts;
			sourceTree = "<group>";
		};
		9DAAD3982C227FFF001590F4 /* Lato */ = {
			isa = PBXGroup;
			children = (
				9DAAD38D2C227FFF001590F4 /* Lato-Black.ttf */,
				9DAAD38E2C227FFF001590F4 /* Lato-BlackItalic.ttf */,
				9DAAD38F2C227FFF001590F4 /* Lato-Bold.ttf */,
				9DAAD3902C227FFF001590F4 /* Lato-BoldItalic.ttf */,
				9DAAD3912C227FFF001590F4 /* Lato-Italic.ttf */,
				9D6B1BA12C2867D7007FDE25 /* Lato-ExtraBold.ttf */,
				9DAAD3922C227FFF001590F4 /* Lato-Light.ttf */,
				9DAAD3932C227FFF001590F4 /* Lato-LightItalic.ttf */,
				9DAAD3942C227FFF001590F4 /* Lato-Regular.ttf */,
				9DAAD3952C227FFF001590F4 /* Lato-Thin.ttf */,
				9DAAD3962C227FFF001590F4 /* Lato-ThinItalic.ttf */,
				9DAAD3972C227FFF001590F4 /* OFL.txt */,
			);
			path = Lato;
			sourceTree = "<group>";
		};
		9DC119672C1957ED00ECF58C = {
			isa = PBXGroup;
			children = (
				9DC119722C1957ED00ECF58C /* Quackary */,
				9DC119712C1957ED00ECF58C /* Products */,
			);
			sourceTree = "<group>";
		};
		9DC119712C1957ED00ECF58C /* Products */ = {
			isa = PBXGroup;
			children = (
				9DC119702C1957ED00ECF58C /* Quackary.app */,
			);
			name = Products;
			sourceTree = "<group>";
		};
		9DC119722C1957ED00ECF58C /* Quackary */ = {
			isa = PBXGroup;
			children = (
				9DAAD3A42C2281D8001590F4 /* Info.plist */,
				9DAAD38C2C227FD9001590F4 /* Fonts */,
				E4DC6C252C1967D900DB851F /* Util */,
				E4DC6C242C19675700DB851F /* ViewModel */,
				E4DC6C232C19674F00DB851F /* View */,
				E4DC6C222C19674500DB851F /* Model */,
				9D870E742C25654F002071FC /* PreviewHelper */,
				9D870E6F2C25653F002071FC /* SampleData */,
				9DC119732C1957ED00ECF58C /* QuackaryApp.swift */,
				9DC119792C1957EE00ECF58C /* Assets.xcassets */,
				01E568082C29C10000A498B0 /* LottieJson */,
				9DE707012C2512D200A419E6 /* Videos */,
				9DC1197B2C1957EE00ECF58C /* Preview Content */,
			);
			path = Quackary;
			sourceTree = "<group>";
		};
		9DC1197B2C1957EE00ECF58C /* Preview Content */ = {
			isa = PBXGroup;
			children = (
				9DC1197C2C1957EE00ECF58C /* Preview Assets.xcassets */,
			);
			path = "Preview Content";
			sourceTree = "<group>";
		};
		9DE707012C2512D200A419E6 /* Videos */ = {
			isa = PBXGroup;
			children = (
				01E567F52C29BEFA00A498B0 /* Main Page Background.mp4 */,
				9D531B1B2C282EAD003092E9 /* Home.mp4 */,
				9D531B1A2C282EAD003092E9 /* Story 1.mp4 */,
				9D531B1C2C282EAD003092E9 /* Story 2.mp4 */,
				9DE707042C25140300A419E6 /* Gacha Screen 1.mp4 */,
				9DE707022C2512EE00A419E6 /* Gacha Screen Shake.mp4 */,
			);
			path = Videos;
			sourceTree = "<group>";
		};
		E4DC6C222C19674500DB851F /* Model */ = {
			isa = PBXGroup;
			children = (
				9DC119772C1957ED00ECF58C /* Item.swift */,
				9DE706EF2C22AC8400A419E6 /* User.swift */,
				9DE706F12C239D5C00A419E6 /* Place.swift */,
				9DE706F32C239E7D00A419E6 /* Achievement.swift */,
				9DE706F52C239F7A00A419E6 /* Mission.swift */,
				9D531B202C283298003092E9 /* Router.swift */,
			);
			path = Model;
			sourceTree = "<group>";
		};
		E4DC6C232C19674F00DB851F /* View */ = {
			isa = PBXGroup;
			children = (
				9DC119752C1957ED00ECF58C /* ContentView.swift */,
				9D870E7F2C279AF1002071FC /* MainView.swift */,
				9D531B222C2838A6003092E9 /* HomeView.swift */,
				9D531B242C2838D5003092E9 /* SplashScreenView.swift */,
				9D531B262C28391F003092E9 /* StoryFirstView.swift */,
				9D6B1BA32C2932AE007FDE25 /* StorySecondView.swift */,
				9DC119832C195C6D00ECF58C /* ShakeView.swift */,
				9DAAD3A52C2287AF001590F4 /* FontView.swift */,
				9DE706F92C242E9300A419E6 /* AchievementView.swift */,
				9DE706FD2C2510F800A419E6 /* GachaView.swift */,
				9DE706FF2C25113C00A419E6 /* VideoPlayerView.swift */,
				9D870E652C252C1B002071FC /* LoopingVideoPlayerView.swift */,
				9D6B1B9F2C2858B8007FDE25 /* VideoPlayerContainerView.swift */,
				9D870E632C252BD4002071FC /* VideoPlayerUIView.swift */,
				922C135A2C29A2E8006E4EB7 /* DetailPlaceView.swift */,
				01B5CDE02C29B541003E30EA /* WorldView.swift */,
				01E5681B2C29C3B300A498B0 /* LottieView.swift */,
				01E5681D2C29C52000A498B0 /* CheckInCameraView.swift */,
				01FD144C2C29CE3600D65ECD /* CheckInCapturedPhotoView.swift */,
				01E5681F2C29CB3D00A498B0 /* CameraView.swift */,
				586259EE2C288D0400B2DE8B /* RewardsClaimView.swift */,
			);
			path = View;
			sourceTree = "<group>";
		};
		E4DC6C242C19675700DB851F /* ViewModel */ = {
			isa = PBXGroup;
			children = (
				E4DC6C262C1968F300DB851F /* ShakeViewModel.swift */,
				9DE706F72C242DAC00A419E6 /* AchievementViewModel.swift */,
				9D6B1B9D2C285871007FDE25 /* VideoPLayerViewModel.swift */,
			);
			path = ViewModel;
			sourceTree = "<group>";
		};
		E4DC6C252C1967D900DB851F /* Util */ = {
			isa = PBXGroup;
			children = (
				E4DC6C282C19695600DB851F /* DeviceShakeViewModifier.swift */,
				E4DC6C2A2C19697200DB851F /* ShakeDetection.swift */,
				9DAAD3882C227B03001590F4 /* AudioManager.swift */,
				9DAAD38A2C227C18001590F4 /* HapticManager.swift */,
			);
			path = Util;
			sourceTree = "<group>";
		};
/* End PBXGroup section */

/* Begin PBXNativeTarget section */
		9DC1196F2C1957ED00ECF58C /* Quackary */ = {
			isa = PBXNativeTarget;
			buildConfigurationList = 9DC119802C1957EE00ECF58C /* Build configuration list for PBXNativeTarget "Quackary" */;
			buildPhases = (
				9DC1196C2C1957ED00ECF58C /* Sources */,
				9DC1196D2C1957ED00ECF58C /* Frameworks */,
				9DC1196E2C1957ED00ECF58C /* Resources */,
			);
			buildRules = (
			);
			dependencies = (
			);
			name = Quackary;
			packageProductDependencies = (
				01E568192C29C39800A498B0 /* Lottie */,
			);
			productName = Quackary;
			productReference = 9DC119702C1957ED00ECF58C /* Quackary.app */;
			productType = "com.apple.product-type.application";
		};
/* End PBXNativeTarget section */

/* Begin PBXProject section */
		9DC119682C1957ED00ECF58C /* Project object */ = {
			isa = PBXProject;
			attributes = {
				BuildIndependentTargetsInParallel = 1;
				LastSwiftUpdateCheck = 1530;
				LastUpgradeCheck = 1530;
				TargetAttributes = {
					9DC1196F2C1957ED00ECF58C = {
						CreatedOnToolsVersion = 15.3;
					};
				};
			};
			buildConfigurationList = 9DC1196B2C1957ED00ECF58C /* Build configuration list for PBXProject "Quackary" */;
			compatibilityVersion = "Xcode 14.0";
			developmentRegion = en;
			hasScannedForEncodings = 0;
			knownRegions = (
				en,
				Base,
			);
			mainGroup = 9DC119672C1957ED00ECF58C;
			packageReferences = (
				01E568182C29C39800A498B0 /* XCRemoteSwiftPackageReference "lottie-ios" */,
			);
			productRefGroup = 9DC119712C1957ED00ECF58C /* Products */;
			projectDirPath = "";
			projectRoot = "";
			targets = (
				9DC1196F2C1957ED00ECF58C /* Quackary */,
			);
		};
/* End PBXProject section */

/* Begin PBXResourcesBuildPhase section */
		9DC1196E2C1957ED00ECF58C /* Resources */ = {
			isa = PBXResourcesBuildPhase;
			buildActionMask = 2147483647;
			files = (
				01E5680C2C29C10000A498B0 /* Blue Egg.json in Resources */,
				9DAAD39A2C227FFF001590F4 /* Lato-BlackItalic.ttf in Resources */,
				9DAAD3A22C227FFF001590F4 /* Lato-ThinItalic.ttf in Resources */,
				9DAAD39D2C227FFF001590F4 /* Lato-Italic.ttf in Resources */,
				9DAAD39B2C227FFF001590F4 /* Lato-Bold.ttf in Resources */,
				9DC1197D2C1957EE00ECF58C /* Preview Assets.xcassets in Resources */,
				01E5680F2C29C10000A498B0 /* Yellow Duck Teen.json in Resources */,
				01E5680A2C29C10000A498B0 /* Blue Duck Child.json in Resources */,
				9DE707052C25140300A419E6 /* Gacha Screen 1.mp4 in Resources */,
				01E568152C29C10000A498B0 /* Lighthouse.json in Resources */,
				01E568092C29C10000A498B0 /* Blue Duck Adult.json in Resources */,
				01E568132C29C10000A498B0 /* Boat.json in Resources */,
				9DAAD3A12C227FFF001590F4 /* Lato-Thin.ttf in Resources */,
				01E5680D2C29C10000A498B0 /* Yellow Duck Adult.json in Resources */,
				01E568172C29C10000A498B0 /* Tube.json in Resources */,
				01E568142C29C10000A498B0 /* Hat.json in Resources */,
				9DAAD39C2C227FFF001590F4 /* Lato-BoldItalic.ttf in Resources */,
				9DAAD3992C227FFF001590F4 /* Lato-Black.ttf in Resources */,
				01E568102C29C10000A498B0 /* Yellow Egg.json in Resources */,
				9DAAD3A32C227FFF001590F4 /* OFL.txt in Resources */,
				9DC1197A2C1957EE00ECF58C /* Assets.xcassets in Resources */,
				9DAAD3A02C227FFF001590F4 /* Lato-Regular.ttf in Resources */,
				01E568112C29C10000A498B0 /* Air Balloon.json in Resources */,
				9D531B1E2C282EAD003092E9 /* Home.mp4 in Resources */,
				E40A7C162C2A886300736EE1 /* places_detail.json in Resources */,
				01E5680E2C29C10000A498B0 /* Yellow Duck Child.json in Resources */,
				01E567F62C29BEFA00A498B0 /* Main Page Background.mp4 in Resources */,
				01E568122C29C10000A498B0 /* Ball.json in Resources */,
				01E5680B2C29C10000A498B0 /* Blue Duck Teen.json in Resources */,
				9D531B1D2C282EAD003092E9 /* Story 1.mp4 in Resources */,
				9DAAD39F2C227FFF001590F4 /* Lato-LightItalic.ttf in Resources */,
				9DAAD39E2C227FFF001590F4 /* Lato-Light.ttf in Resources */,
				01E568162C29C10000A498B0 /* Parasol.json in Resources */,
				9D6B1BA22C2867D7007FDE25 /* Lato-ExtraBold.ttf in Resources */,
				9DE707032C2512EE00A419E6 /* Gacha Screen Shake.mp4 in Resources */,
				9D531B1F2C282EAD003092E9 /* Story 2.mp4 in Resources */,
			);
			runOnlyForDeploymentPostprocessing = 0;
		};
/* End PBXResourcesBuildPhase section */

/* Begin PBXSourcesBuildPhase section */
		9DC1196C2C1957ED00ECF58C /* Sources */ = {
			isa = PBXSourcesBuildPhase;
			buildActionMask = 2147483647;
			files = (
				9D531B272C28391F003092E9 /* StoryFirstView.swift in Sources */,
				01FD144D2C29CE3600D65ECD /* CheckInCapturedPhotoView.swift in Sources */,
				01E5681C2C29C3B300A498B0 /* LottieView.swift in Sources */,
				9DC119762C1957ED00ECF58C /* ContentView.swift in Sources */,
				9DE707002C25113C00A419E6 /* VideoPlayerView.swift in Sources */,
				9D870E642C252BD4002071FC /* VideoPlayerUIView.swift in Sources */,
				9D870E7C2C2791D2002071FC /* SampleData+Mission.swift in Sources */,
				9D870E782C278FAB002071FC /* SampleData+User.swift in Sources */,
				9D870E7A2C27908D002071FC /* SampleData+Place.swift in Sources */,
				E4DC6C272C1968F300DB851F /* ShakeViewModel.swift in Sources */,
				9DAAD3892C227B03001590F4 /* AudioManager.swift in Sources */,
				9D870E762C25654F002071FC /* Preview+ModelContainer.swift in Sources */,
				E4DC6C292C19695600DB851F /* DeviceShakeViewModifier.swift in Sources */,
				9DE706FA2C242E9300A419E6 /* AchievementView.swift in Sources */,
				9DC119842C195C6D00ECF58C /* ShakeView.swift in Sources */,
				9D870E712C25653F002071FC /* SampleData+Achievement.swift in Sources */,
				9DE706FE2C2510F800A419E6 /* GachaView.swift in Sources */,
				9DC119782C1957ED00ECF58C /* Item.swift in Sources */,
				9D531B232C2838A6003092E9 /* HomeView.swift in Sources */,
				9DC119742C1957ED00ECF58C /* QuackaryApp.swift in Sources */,
				9D6B1B9E2C285871007FDE25 /* VideoPLayerViewModel.swift in Sources */,
				9D870E662C252C1B002071FC /* LoopingVideoPlayerView.swift in Sources */,
				586259EF2C288D0400B2DE8B /* RewardsClaimView.swift in Sources */,
				9DAAD38B2C227C18001590F4 /* HapticManager.swift in Sources */,
				E4DC6C2B2C19697200DB851F /* ShakeDetection.swift in Sources */,
				01E568202C29CB3D00A498B0 /* CameraView.swift in Sources */,
				01E5681E2C29C52000A498B0 /* CheckInCameraView.swift in Sources */,
				9DE706F42C239E7D00A419E6 /* Achievement.swift in Sources */,
				9D870E7E2C2799D1002071FC /* SwiftDataInsertion.swift in Sources */,
				9D531B252C2838D6003092E9 /* SplashScreenView.swift in Sources */,
				9D6B1BA02C2858B8007FDE25 /* VideoPlayerContainerView.swift in Sources */,
				9D531B212C283298003092E9 /* Router.swift in Sources */,
				9DE706F62C239F7A00A419E6 /* Mission.swift in Sources */,
				9DAAD3A62C2287AF001590F4 /* FontView.swift in Sources */,
				01B5CDE12C29B541003E30EA /* WorldView.swift in Sources */,
				9DE706F02C22AC8400A419E6 /* User.swift in Sources */,
				9D6B1BA42C2932AE007FDE25 /* StorySecondView.swift in Sources */,
				922C135B2C29A2E8006E4EB7 /* DetailPlaceView.swift in Sources */,
				9D870E802C279AF1002071FC /* MainView.swift in Sources */,
				9DE706F22C239D5C00A419E6 /* Place.swift in Sources */,
				9D870E752C25654F002071FC /* ModelContainerPreview.swift in Sources */,
				9DE706F82C242DAC00A419E6 /* AchievementViewModel.swift in Sources */,
			);
			runOnlyForDeploymentPostprocessing = 0;
		};
/* End PBXSourcesBuildPhase section */

/* Begin XCBuildConfiguration section */
		9DC1197E2C1957EE00ECF58C /* Debug */ = {
			isa = XCBuildConfiguration;
			buildSettings = {
				ALWAYS_SEARCH_USER_PATHS = NO;
				ASSETCATALOG_COMPILER_GENERATE_SWIFT_ASSET_SYMBOL_EXTENSIONS = YES;
				CLANG_ANALYZER_NONNULL = YES;
				CLANG_ANALYZER_NUMBER_OBJECT_CONVERSION = YES_AGGRESSIVE;
				CLANG_CXX_LANGUAGE_STANDARD = "gnu++20";
				CLANG_ENABLE_MODULES = YES;
				CLANG_ENABLE_OBJC_ARC = YES;
				CLANG_ENABLE_OBJC_WEAK = YES;
				CLANG_WARN_BLOCK_CAPTURE_AUTORELEASING = YES;
				CLANG_WARN_BOOL_CONVERSION = YES;
				CLANG_WARN_COMMA = YES;
				CLANG_WARN_CONSTANT_CONVERSION = YES;
				CLANG_WARN_DEPRECATED_OBJC_IMPLEMENTATIONS = YES;
				CLANG_WARN_DIRECT_OBJC_ISA_USAGE = YES_ERROR;
				CLANG_WARN_DOCUMENTATION_COMMENTS = YES;
				CLANG_WARN_EMPTY_BODY = YES;
				CLANG_WARN_ENUM_CONVERSION = YES;
				CLANG_WARN_INFINITE_RECURSION = YES;
				CLANG_WARN_INT_CONVERSION = YES;
				CLANG_WARN_NON_LITERAL_NULL_CONVERSION = YES;
				CLANG_WARN_OBJC_IMPLICIT_RETAIN_SELF = YES;
				CLANG_WARN_OBJC_LITERAL_CONVERSION = YES;
				CLANG_WARN_OBJC_ROOT_CLASS = YES_ERROR;
				CLANG_WARN_QUOTED_INCLUDE_IN_FRAMEWORK_HEADER = YES;
				CLANG_WARN_RANGE_LOOP_ANALYSIS = YES;
				CLANG_WARN_STRICT_PROTOTYPES = YES;
				CLANG_WARN_SUSPICIOUS_MOVE = YES;
				CLANG_WARN_UNGUARDED_AVAILABILITY = YES_AGGRESSIVE;
				CLANG_WARN_UNREACHABLE_CODE = YES;
				CLANG_WARN__DUPLICATE_METHOD_MATCH = YES;
				COPY_PHASE_STRIP = NO;
				DEBUG_INFORMATION_FORMAT = dwarf;
				ENABLE_STRICT_OBJC_MSGSEND = YES;
				ENABLE_TESTABILITY = YES;
				ENABLE_USER_SCRIPT_SANDBOXING = YES;
				GCC_C_LANGUAGE_STANDARD = gnu17;
				GCC_DYNAMIC_NO_PIC = NO;
				GCC_NO_COMMON_BLOCKS = YES;
				GCC_OPTIMIZATION_LEVEL = 0;
				GCC_PREPROCESSOR_DEFINITIONS = (
					"DEBUG=1",
					"$(inherited)",
				);
				GCC_WARN_64_TO_32_BIT_CONVERSION = YES;
				GCC_WARN_ABOUT_RETURN_TYPE = YES_ERROR;
				GCC_WARN_UNDECLARED_SELECTOR = YES;
				GCC_WARN_UNINITIALIZED_AUTOS = YES_AGGRESSIVE;
				GCC_WARN_UNUSED_FUNCTION = YES;
				GCC_WARN_UNUSED_VARIABLE = YES;
				IPHONEOS_DEPLOYMENT_TARGET = 17.4;
				LOCALIZATION_PREFERS_STRING_CATALOGS = YES;
				MTL_ENABLE_DEBUG_INFO = INCLUDE_SOURCE;
				MTL_FAST_MATH = YES;
				ONLY_ACTIVE_ARCH = YES;
				SDKROOT = iphoneos;
				SWIFT_ACTIVE_COMPILATION_CONDITIONS = "DEBUG $(inherited)";
				SWIFT_OPTIMIZATION_LEVEL = "-Onone";
			};
			name = Debug;
		};
		9DC1197F2C1957EE00ECF58C /* Release */ = {
			isa = XCBuildConfiguration;
			buildSettings = {
				ALWAYS_SEARCH_USER_PATHS = NO;
				ASSETCATALOG_COMPILER_GENERATE_SWIFT_ASSET_SYMBOL_EXTENSIONS = YES;
				CLANG_ANALYZER_NONNULL = YES;
				CLANG_ANALYZER_NUMBER_OBJECT_CONVERSION = YES_AGGRESSIVE;
				CLANG_CXX_LANGUAGE_STANDARD = "gnu++20";
				CLANG_ENABLE_MODULES = YES;
				CLANG_ENABLE_OBJC_ARC = YES;
				CLANG_ENABLE_OBJC_WEAK = YES;
				CLANG_WARN_BLOCK_CAPTURE_AUTORELEASING = YES;
				CLANG_WARN_BOOL_CONVERSION = YES;
				CLANG_WARN_COMMA = YES;
				CLANG_WARN_CONSTANT_CONVERSION = YES;
				CLANG_WARN_DEPRECATED_OBJC_IMPLEMENTATIONS = YES;
				CLANG_WARN_DIRECT_OBJC_ISA_USAGE = YES_ERROR;
				CLANG_WARN_DOCUMENTATION_COMMENTS = YES;
				CLANG_WARN_EMPTY_BODY = YES;
				CLANG_WARN_ENUM_CONVERSION = YES;
				CLANG_WARN_INFINITE_RECURSION = YES;
				CLANG_WARN_INT_CONVERSION = YES;
				CLANG_WARN_NON_LITERAL_NULL_CONVERSION = YES;
				CLANG_WARN_OBJC_IMPLICIT_RETAIN_SELF = YES;
				CLANG_WARN_OBJC_LITERAL_CONVERSION = YES;
				CLANG_WARN_OBJC_ROOT_CLASS = YES_ERROR;
				CLANG_WARN_QUOTED_INCLUDE_IN_FRAMEWORK_HEADER = YES;
				CLANG_WARN_RANGE_LOOP_ANALYSIS = YES;
				CLANG_WARN_STRICT_PROTOTYPES = YES;
				CLANG_WARN_SUSPICIOUS_MOVE = YES;
				CLANG_WARN_UNGUARDED_AVAILABILITY = YES_AGGRESSIVE;
				CLANG_WARN_UNREACHABLE_CODE = YES;
				CLANG_WARN__DUPLICATE_METHOD_MATCH = YES;
				COPY_PHASE_STRIP = NO;
				DEBUG_INFORMATION_FORMAT = "dwarf-with-dsym";
				ENABLE_NS_ASSERTIONS = NO;
				ENABLE_STRICT_OBJC_MSGSEND = YES;
				ENABLE_USER_SCRIPT_SANDBOXING = YES;
				GCC_C_LANGUAGE_STANDARD = gnu17;
				GCC_NO_COMMON_BLOCKS = YES;
				GCC_WARN_64_TO_32_BIT_CONVERSION = YES;
				GCC_WARN_ABOUT_RETURN_TYPE = YES_ERROR;
				GCC_WARN_UNDECLARED_SELECTOR = YES;
				GCC_WARN_UNINITIALIZED_AUTOS = YES_AGGRESSIVE;
				GCC_WARN_UNUSED_FUNCTION = YES;
				GCC_WARN_UNUSED_VARIABLE = YES;
				IPHONEOS_DEPLOYMENT_TARGET = 17.4;
				LOCALIZATION_PREFERS_STRING_CATALOGS = YES;
				MTL_ENABLE_DEBUG_INFO = NO;
				MTL_FAST_MATH = YES;
				SDKROOT = iphoneos;
				SWIFT_COMPILATION_MODE = wholemodule;
				VALIDATE_PRODUCT = YES;
			};
			name = Release;
		};
		9DC119812C1957EE00ECF58C /* Debug */ = {
			isa = XCBuildConfiguration;
			buildSettings = {
				ASSETCATALOG_COMPILER_APPICON_NAME = AppIcon;
				ASSETCATALOG_COMPILER_GLOBAL_ACCENT_COLOR_NAME = AccentColor;
				CODE_SIGN_STYLE = Automatic;
				CURRENT_PROJECT_VERSION = 1;
				DEVELOPMENT_ASSET_PATHS = "\"Quackary/Preview Content\"";
				DEVELOPMENT_TEAM = VR8745VKZG;
				ENABLE_PREVIEWS = YES;
				GENERATE_INFOPLIST_FILE = YES;
				INFOPLIST_FILE = Quackary/Info.plist;
				INFOPLIST_KEY_UIApplicationSceneManifest_Generation = YES;
				INFOPLIST_KEY_UIApplicationSupportsIndirectInputEvents = YES;
				INFOPLIST_KEY_UILaunchScreen_Generation = YES;
				INFOPLIST_KEY_UISupportedInterfaceOrientations_iPad = "UIInterfaceOrientationPortrait UIInterfaceOrientationPortraitUpsideDown UIInterfaceOrientationLandscapeLeft UIInterfaceOrientationLandscapeRight";
				INFOPLIST_KEY_UISupportedInterfaceOrientations_iPhone = "UIInterfaceOrientationPortrait UIInterfaceOrientationLandscapeLeft UIInterfaceOrientationLandscapeRight";
				IPHONEOS_DEPLOYMENT_TARGET = 17.2;
				LD_RUNPATH_SEARCH_PATHS = (
					"$(inherited)",
					"@executable_path/Frameworks",
				);
				MARKETING_VERSION = 1.0;
				PRODUCT_BUNDLE_IDENTIFIER = com.bungaura;
				PRODUCT_NAME = "$(TARGET_NAME)";
				SWIFT_EMIT_LOC_STRINGS = YES;
				SWIFT_VERSION = 5.0;
				TARGETED_DEVICE_FAMILY = "1,2";
			};
			name = Debug;
		};
		9DC119822C1957EE00ECF58C /* Release */ = {
			isa = XCBuildConfiguration;
			buildSettings = {
				ASSETCATALOG_COMPILER_APPICON_NAME = AppIcon;
				ASSETCATALOG_COMPILER_GLOBAL_ACCENT_COLOR_NAME = AccentColor;
				CODE_SIGN_STYLE = Automatic;
				CURRENT_PROJECT_VERSION = 1;
				DEVELOPMENT_ASSET_PATHS = "\"Quackary/Preview Content\"";
				DEVELOPMENT_TEAM = VR8745VKZG;
				ENABLE_PREVIEWS = YES;
				GENERATE_INFOPLIST_FILE = YES;
				INFOPLIST_FILE = Quackary/Info.plist;
				INFOPLIST_KEY_UIApplicationSceneManifest_Generation = YES;
				INFOPLIST_KEY_UIApplicationSupportsIndirectInputEvents = YES;
				INFOPLIST_KEY_UILaunchScreen_Generation = YES;
				INFOPLIST_KEY_UISupportedInterfaceOrientations_iPad = "UIInterfaceOrientationPortrait UIInterfaceOrientationPortraitUpsideDown UIInterfaceOrientationLandscapeLeft UIInterfaceOrientationLandscapeRight";
				INFOPLIST_KEY_UISupportedInterfaceOrientations_iPhone = "UIInterfaceOrientationPortrait UIInterfaceOrientationLandscapeLeft UIInterfaceOrientationLandscapeRight";
				IPHONEOS_DEPLOYMENT_TARGET = 17.2;
				LD_RUNPATH_SEARCH_PATHS = (
					"$(inherited)",
					"@executable_path/Frameworks",
				);
				MARKETING_VERSION = 1.0;
				PRODUCT_BUNDLE_IDENTIFIER = com.bungaura;
				PRODUCT_NAME = "$(TARGET_NAME)";
				SWIFT_EMIT_LOC_STRINGS = YES;
				SWIFT_VERSION = 5.0;
				TARGETED_DEVICE_FAMILY = "1,2";
			};
			name = Release;
		};
/* End XCBuildConfiguration section */

/* Begin XCConfigurationList section */
		9DC1196B2C1957ED00ECF58C /* Build configuration list for PBXProject "Quackary" */ = {
			isa = XCConfigurationList;
			buildConfigurations = (
				9DC1197E2C1957EE00ECF58C /* Debug */,
				9DC1197F2C1957EE00ECF58C /* Release */,
			);
			defaultConfigurationIsVisible = 0;
			defaultConfigurationName = Release;
		};
		9DC119802C1957EE00ECF58C /* Build configuration list for PBXNativeTarget "Quackary" */ = {
			isa = XCConfigurationList;
			buildConfigurations = (
				9DC119812C1957EE00ECF58C /* Debug */,
				9DC119822C1957EE00ECF58C /* Release */,
			);
			defaultConfigurationIsVisible = 0;
			defaultConfigurationName = Release;
		};
/* End XCConfigurationList section */

/* Begin XCRemoteSwiftPackageReference section */
		01E568182C29C39800A498B0 /* XCRemoteSwiftPackageReference "lottie-ios" */ = {
			isa = XCRemoteSwiftPackageReference;
			repositoryURL = "https://github.com/airbnb/lottie-ios.git";
			requirement = {
				kind = upToNextMajorVersion;
				minimumVersion = 4.4.3;
			};
		};
/* End XCRemoteSwiftPackageReference section */

/* Begin XCSwiftPackageProductDependency section */
		01E568192C29C39800A498B0 /* Lottie */ = {
			isa = XCSwiftPackageProductDependency;
			package = 01E568182C29C39800A498B0 /* XCRemoteSwiftPackageReference "lottie-ios" */;
			productName = Lottie;
		};
/* End XCSwiftPackageProductDependency section */
	};
	rootObject = 9DC119682C1957ED00ECF58C /* Project object */;
}
