// !$*UTF8*$!
{
	archiveVersion = 1;
	classes = {
	};
	objectVersion = 56;
	objects = {

/* Begin PBXBuildFile section */
		9DC119742C1957ED00ECF58C /* QuackaryApp.swift in Sources */ = {isa = PBXBuildFile; fileRef = 9DC119732C1957ED00ECF58C /* QuackaryApp.swift */; };
		9DC119762C1957ED00ECF58C /* ContentView.swift in Sources */ = {isa = PBXBuildFile; fileRef = 9DC119752C1957ED00ECF58C /* ContentView.swift */; };
		9DC119782C1957ED00ECF58C /* Item.swift in Sources */ = {isa = PBXBuildFile; fileRef = 9DC119772C1957ED00ECF58C /* Item.swift */; };
		9DC1197A2C1957EE00ECF58C /* Assets.xcassets in Resources */ = {isa = PBXBuildFile; fileRef = 9DC119792C1957EE00ECF58C /* Assets.xcassets */; };
		9DC1197D2C1957EE00ECF58C /* Preview Assets.xcassets in Resources */ = {isa = PBXBuildFile; fileRef = 9DC1197C2C1957EE00ECF58C /* Preview Assets.xcassets */; };
		9DC119842C195C6D00ECF58C /* ShakeView.swift in Sources */ = {isa = PBXBuildFile; fileRef = 9DC119832C195C6D00ECF58C /* ShakeView.swift */; };
		E4DC6C272C1968F300DB851F /* ShakeViewModel.swift in Sources */ = {isa = PBXBuildFile; fileRef = E4DC6C262C1968F300DB851F /* ShakeViewModel.swift */; };
		E4DC6C292C19695600DB851F /* DeviceShakeViewModifier.swift in Sources */ = {isa = PBXBuildFile; fileRef = E4DC6C282C19695600DB851F /* DeviceShakeViewModifier.swift */; };
		E4DC6C2B2C19697200DB851F /* ShakeDetection.swift in Sources */ = {isa = PBXBuildFile; fileRef = E4DC6C2A2C19697200DB851F /* ShakeDetection.swift */; };
/* End PBXBuildFile section */

/* Begin PBXFileReference section */
		9DC119702C1957ED00ECF58C /* Quackary.app */ = {isa = PBXFileReference; explicitFileType = wrapper.application; includeInIndex = 0; path = Quackary.app; sourceTree = BUILT_PRODUCTS_DIR; };
		9DC119732C1957ED00ECF58C /* QuackaryApp.swift */ = {isa = PBXFileReference; lastKnownFileType = sourcecode.swift; path = QuackaryApp.swift; sourceTree = "<group>"; };
		9DC119752C1957ED00ECF58C /* ContentView.swift */ = {isa = PBXFileReference; lastKnownFileType = sourcecode.swift; path = ContentView.swift; sourceTree = "<group>"; };
		9DC119772C1957ED00ECF58C /* Item.swift */ = {isa = PBXFileReference; lastKnownFileType = sourcecode.swift; path = Item.swift; sourceTree = "<group>"; };
		9DC119792C1957EE00ECF58C /* Assets.xcassets */ = {isa = PBXFileReference; lastKnownFileType = folder.assetcatalog; path = Assets.xcassets; sourceTree = "<group>"; };
		9DC1197C2C1957EE00ECF58C /* Preview Assets.xcassets */ = {isa = PBXFileReference; lastKnownFileType = folder.assetcatalog; path = "Preview Assets.xcassets"; sourceTree = "<group>"; };
		9DC119832C195C6D00ECF58C /* ShakeView.swift */ = {isa = PBXFileReference; lastKnownFileType = sourcecode.swift; path = ShakeView.swift; sourceTree = "<group>"; };
		E4DC6C262C1968F300DB851F /* ShakeViewModel.swift */ = {isa = PBXFileReference; lastKnownFileType = sourcecode.swift; path = ShakeViewModel.swift; sourceTree = "<group>"; };
		E4DC6C282C19695600DB851F /* DeviceShakeViewModifier.swift */ = {isa = PBXFileReference; lastKnownFileType = sourcecode.swift; path = DeviceShakeViewModifier.swift; sourceTree = "<group>"; };
		E4DC6C2A2C19697200DB851F /* ShakeDetection.swift */ = {isa = PBXFileReference; lastKnownFileType = sourcecode.swift; path = ShakeDetection.swift; sourceTree = "<group>"; };
/* End PBXFileReference section */

/* Begin PBXFrameworksBuildPhase section */
		9DC1196D2C1957ED00ECF58C /* Frameworks */ = {
			isa = PBXFrameworksBuildPhase;
			buildActionMask = 2147483647;
			files = (
			);
			runOnlyForDeploymentPostprocessing = 0;
		};
/* End PBXFrameworksBuildPhase section */

/* Begin PBXGroup section */
		9DC119672C1957ED00ECF58C = {
			isa = PBXGroup;
			children = (
				9DC119722C1957ED00ECF58C /* Quackary */,
				9DC119712C1957ED00ECF58C /* Products */,
			);
			sourceTree = "<group>";
		};
		9DC119712C1957ED00ECF58C /* Products */ = {
			isa = PBXGroup;
			children = (
				9DC119702C1957ED00ECF58C /* Quackary.app */,
			);
			name = Products;
			sourceTree = "<group>";
		};
		9DC119722C1957ED00ECF58C /* Quackary */ = {
			isa = PBXGroup;
			children = (
				E4DC6C252C1967D900DB851F /* Util */,
				E4DC6C242C19675700DB851F /* ViewModel */,
				E4DC6C232C19674F00DB851F /* View */,
				E4DC6C222C19674500DB851F /* Model */,
				9DC119732C1957ED00ECF58C /* QuackaryApp.swift */,
				9DC119792C1957EE00ECF58C /* Assets.xcassets */,
				9DC1197B2C1957EE00ECF58C /* Preview Content */,
			);
			path = Quackary;
			sourceTree = "<group>";
		};
		9DC1197B2C1957EE00ECF58C /* Preview Content */ = {
			isa = PBXGroup;
			children = (
				9DC1197C2C1957EE00ECF58C /* Preview Assets.xcassets */,
			);
			path = "Preview Content";
			sourceTree = "<group>";
		};
		E4DC6C222C19674500DB851F /* Model */ = {
			isa = PBXGroup;
			children = (
				9DC119772C1957ED00ECF58C /* Item.swift */,
			);
			path = Model;
			sourceTree = "<group>";
		};
		E4DC6C232C19674F00DB851F /* View */ = {
			isa = PBXGroup;
			children = (
				9DC119752C1957ED00ECF58C /* ContentView.swift */,
				9DC119832C195C6D00ECF58C /* ShakeView.swift */,
			);
			path = View;
			sourceTree = "<group>";
		};
		E4DC6C242C19675700DB851F /* ViewModel */ = {
			isa = PBXGroup;
			children = (
				E4DC6C262C1968F300DB851F /* ShakeViewModel.swift */,
			);
			path = ViewModel;
			sourceTree = "<group>";
		};
		E4DC6C252C1967D900DB851F /* Util */ = {
			isa = PBXGroup;
			children = (
				E4DC6C282C19695600DB851F /* DeviceShakeViewModifier.swift */,
				E4DC6C2A2C19697200DB851F /* ShakeDetection.swift */,
			);
			path = Util;
			sourceTree = "<group>";
		};
/* End PBXGroup section */

/* Begin PBXNativeTarget section */
		9DC1196F2C1957ED00ECF58C /* Quackary */ = {
			isa = PBXNativeTarget;
			buildConfigurationList = 9DC119802C1957EE00ECF58C /* Build configuration list for PBXNativeTarget "Quackary" */;
			buildPhases = (
				9DC1196C2C1957ED00ECF58C /* Sources */,
				9DC1196D2C1957ED00ECF58C /* Frameworks */,
				9DC1196E2C1957ED00ECF58C /* Resources */,
			);
			buildRules = (
			);
			dependencies = (
			);
			name = Quackary;
			productName = Quackary;
			productReference = 9DC119702C1957ED00ECF58C /* Quackary.app */;
			productType = "com.apple.product-type.application";
		};
/* End PBXNativeTarget section */

/* Begin PBXProject section */
		9DC119682C1957ED00ECF58C /* Project object */ = {
			isa = PBXProject;
			attributes = {
				BuildIndependentTargetsInParallel = 1;
				LastSwiftUpdateCheck = 1530;
				LastUpgradeCheck = 1530;
				TargetAttributes = {
					9DC1196F2C1957ED00ECF58C = {
						CreatedOnToolsVersion = 15.3;
					};
				};
			};
			buildConfigurationList = 9DC1196B2C1957ED00ECF58C /* Build configuration list for PBXProject "Quackary" */;
			compatibilityVersion = "Xcode 14.0";
			developmentRegion = en;
			hasScannedForEncodings = 0;
			knownRegions = (
				en,
				Base,
			);
			mainGroup = 9DC119672C1957ED00ECF58C;
			productRefGroup = 9DC119712C1957ED00ECF58C /* Products */;
			projectDirPath = "";
			projectRoot = "";
			targets = (
				9DC1196F2C1957ED00ECF58C /* Quackary */,
			);
		};
/* End PBXProject section */

/* Begin PBXResourcesBuildPhase section */
		9DC1196E2C1957ED00ECF58C /* Resources */ = {
			isa = PBXResourcesBuildPhase;
			buildActionMask = 2147483647;
			files = (
				9DC1197D2C1957EE00ECF58C /* Preview Assets.xcassets in Resources */,
				9DC1197A2C1957EE00ECF58C /* Assets.xcassets in Resources */,
			);
			runOnlyForDeploymentPostprocessing = 0;
		};
/* End PBXResourcesBuildPhase section */

/* Begin PBXSourcesBuildPhase section */
		9DC1196C2C1957ED00ECF58C /* Sources */ = {
			isa = PBXSourcesBuildPhase;
			buildActionMask = 2147483647;
			files = (
				9DC119762C1957ED00ECF58C /* ContentView.swift in Sources */,
				E4DC6C272C1968F300DB851F /* ShakeViewModel.swift in Sources */,
				E4DC6C292C19695600DB851F /* DeviceShakeViewModifier.swift in Sources */,
				9DC119842C195C6D00ECF58C /* ShakeView.swift in Sources */,
				9DC119782C1957ED00ECF58C /* Item.swift in Sources */,
				9DC119742C1957ED00ECF58C /* QuackaryApp.swift in Sources */,
				E4DC6C2B2C19697200DB851F /* ShakeDetection.swift in Sources */,
			);
			runOnlyForDeploymentPostprocessing = 0;
		};
/* End PBXSourcesBuildPhase section */

/* Begin XCBuildConfiguration section */
		9DC1197E2C1957EE00ECF58C /* Debug */ = {
			isa = XCBuildConfiguration;
			buildSettings = {
				ALWAYS_SEARCH_USER_PATHS = NO;
				ASSETCATALOG_COMPILER_GENERATE_SWIFT_ASSET_SYMBOL_EXTENSIONS = YES;
				CLANG_ANALYZER_NONNULL = YES;
				CLANG_ANALYZER_NUMBER_OBJECT_CONVERSION = YES_AGGRESSIVE;
				CLANG_CXX_LANGUAGE_STANDARD = "gnu++20";
				CLANG_ENABLE_MODULES = YES;
				CLANG_ENABLE_OBJC_ARC = YES;
				CLANG_ENABLE_OBJC_WEAK = YES;
				CLANG_WARN_BLOCK_CAPTURE_AUTORELEASING = YES;
				CLANG_WARN_BOOL_CONVERSION = YES;
				CLANG_WARN_COMMA = YES;
				CLANG_WARN_CONSTANT_CONVERSION = YES;
				CLANG_WARN_DEPRECATED_OBJC_IMPLEMENTATIONS = YES;
				CLANG_WARN_DIRECT_OBJC_ISA_USAGE = YES_ERROR;
				CLANG_WARN_DOCUMENTATION_COMMENTS = YES;
				CLANG_WARN_EMPTY_BODY = YES;
				CLANG_WARN_ENUM_CONVERSION = YES;
				CLANG_WARN_INFINITE_RECURSION = YES;
				CLANG_WARN_INT_CONVERSION = YES;
				CLANG_WARN_NON_LITERAL_NULL_CONVERSION = YES;
				CLANG_WARN_OBJC_IMPLICIT_RETAIN_SELF = YES;
				CLANG_WARN_OBJC_LITERAL_CONVERSION = YES;
				CLANG_WARN_OBJC_ROOT_CLASS = YES_ERROR;
				CLANG_WARN_QUOTED_INCLUDE_IN_FRAMEWORK_HEADER = YES;
				CLANG_WARN_RANGE_LOOP_ANALYSIS = YES;
				CLANG_WARN_STRICT_PROTOTYPES = YES;
				CLANG_WARN_SUSPICIOUS_MOVE = YES;
				CLANG_WARN_UNGUARDED_AVAILABILITY = YES_AGGRESSIVE;
				CLANG_WARN_UNREACHABLE_CODE = YES;
				CLANG_WARN__DUPLICATE_METHOD_MATCH = YES;
				COPY_PHASE_STRIP = NO;
				DEBUG_INFORMATION_FORMAT = dwarf;
				ENABLE_STRICT_OBJC_MSGSEND = YES;
				ENABLE_TESTABILITY = YES;
				ENABLE_USER_SCRIPT_SANDBOXING = YES;
				GCC_C_LANGUAGE_STANDARD = gnu17;
				GCC_DYNAMIC_NO_PIC = NO;
				GCC_NO_COMMON_BLOCKS = YES;
				GCC_OPTIMIZATION_LEVEL = 0;
				GCC_PREPROCESSOR_DEFINITIONS = (
					"DEBUG=1",
					"$(inherited)",
				);
				GCC_WARN_64_TO_32_BIT_CONVERSION = YES;
				GCC_WARN_ABOUT_RETURN_TYPE = YES_ERROR;
				GCC_WARN_UNDECLARED_SELECTOR = YES;
				GCC_WARN_UNINITIALIZED_AUTOS = YES_AGGRESSIVE;
				GCC_WARN_UNUSED_FUNCTION = YES;
				GCC_WARN_UNUSED_VARIABLE = YES;
				IPHONEOS_DEPLOYMENT_TARGET = 17.4;
				LOCALIZATION_PREFERS_STRING_CATALOGS = YES;
				MTL_ENABLE_DEBUG_INFO = INCLUDE_SOURCE;
				MTL_FAST_MATH = YES;
				ONLY_ACTIVE_ARCH = YES;
				SDKROOT = iphoneos;
				SWIFT_ACTIVE_COMPILATION_CONDITIONS = "DEBUG $(inherited)";
				SWIFT_OPTIMIZATION_LEVEL = "-Onone";
			};
			name = Debug;
		};
		9DC1197F2C1957EE00ECF58C /* Release */ = {
			isa = XCBuildConfiguration;
			buildSettings = {
				ALWAYS_SEARCH_USER_PATHS = NO;
				ASSETCATALOG_COMPILER_GENERATE_SWIFT_ASSET_SYMBOL_EXTENSIONS = YES;
				CLANG_ANALYZER_NONNULL = YES;
				CLANG_ANALYZER_NUMBER_OBJECT_CONVERSION = YES_AGGRESSIVE;
				CLANG_CXX_LANGUAGE_STANDARD = "gnu++20";
				CLANG_ENABLE_MODULES = YES;
				CLANG_ENABLE_OBJC_ARC = YES;
				CLANG_ENABLE_OBJC_WEAK = YES;
				CLANG_WARN_BLOCK_CAPTURE_AUTORELEASING = YES;
				CLANG_WARN_BOOL_CONVERSION = YES;
				CLANG_WARN_COMMA = YES;
				CLANG_WARN_CONSTANT_CONVERSION = YES;
				CLANG_WARN_DEPRECATED_OBJC_IMPLEMENTATIONS = YES;
				CLANG_WARN_DIRECT_OBJC_ISA_USAGE = YES_ERROR;
				CLANG_WARN_DOCUMENTATION_COMMENTS = YES;
				CLANG_WARN_EMPTY_BODY = YES;
				CLANG_WARN_ENUM_CONVERSION = YES;
				CLANG_WARN_INFINITE_RECURSION = YES;
				CLANG_WARN_INT_CONVERSION = YES;
				CLANG_WARN_NON_LITERAL_NULL_CONVERSION = YES;
				CLANG_WARN_OBJC_IMPLICIT_RETAIN_SELF = YES;
				CLANG_WARN_OBJC_LITERAL_CONVERSION = YES;
				CLANG_WARN_OBJC_ROOT_CLASS = YES_ERROR;
				CLANG_WARN_QUOTED_INCLUDE_IN_FRAMEWORK_HEADER = YES;
				CLANG_WARN_RANGE_LOOP_ANALYSIS = YES;
				CLANG_WARN_STRICT_PROTOTYPES = YES;
				CLANG_WARN_SUSPICIOUS_MOVE = YES;
				CLANG_WARN_UNGUARDED_AVAILABILITY = YES_AGGRESSIVE;
				CLANG_WARN_UNREACHABLE_CODE = YES;
				CLANG_WARN__DUPLICATE_METHOD_MATCH = YES;
				COPY_PHASE_STRIP = NO;
				DEBUG_INFORMATION_FORMAT = "dwarf-with-dsym";
				ENABLE_NS_ASSERTIONS = NO;
				ENABLE_STRICT_OBJC_MSGSEND = YES;
				ENABLE_USER_SCRIPT_SANDBOXING = YES;
				GCC_C_LANGUAGE_STANDARD = gnu17;
				GCC_NO_COMMON_BLOCKS = YES;
				GCC_WARN_64_TO_32_BIT_CONVERSION = YES;
				GCC_WARN_ABOUT_RETURN_TYPE = YES_ERROR;
				GCC_WARN_UNDECLARED_SELECTOR = YES;
				GCC_WARN_UNINITIALIZED_AUTOS = YES_AGGRESSIVE;
				GCC_WARN_UNUSED_FUNCTION = YES;
				GCC_WARN_UNUSED_VARIABLE = YES;
				IPHONEOS_DEPLOYMENT_TARGET = 17.4;
				LOCALIZATION_PREFERS_STRING_CATALOGS = YES;
				MTL_ENABLE_DEBUG_INFO = NO;
				MTL_FAST_MATH = YES;
				SDKROOT = iphoneos;
				SWIFT_COMPILATION_MODE = wholemodule;
				VALIDATE_PRODUCT = YES;
			};
			name = Release;
		};
		9DC119812C1957EE00ECF58C /* Debug */ = {
			isa = XCBuildConfiguration;
			buildSettings = {
				ASSETCATALOG_COMPILER_APPICON_NAME = AppIcon;
				ASSETCATALOG_COMPILER_GLOBAL_ACCENT_COLOR_NAME = AccentColor;
				CODE_SIGN_STYLE = Automatic;
				CURRENT_PROJECT_VERSION = 1;
				DEVELOPMENT_ASSET_PATHS = "\"Quackary/Preview Content\"";
				DEVELOPMENT_TEAM = Z5LAH6MA86;
				ENABLE_PREVIEWS = YES;
				GENERATE_INFOPLIST_FILE = YES;
				INFOPLIST_KEY_UIApplicationSceneManifest_Generation = YES;
				INFOPLIST_KEY_UIApplicationSupportsIndirectInputEvents = YES;
				INFOPLIST_KEY_UILaunchScreen_Generation = YES;
				INFOPLIST_KEY_UISupportedInterfaceOrientations_iPad = "UIInterfaceOrientationPortrait UIInterfaceOrientationPortraitUpsideDown UIInterfaceOrientationLandscapeLeft UIInterfaceOrientationLandscapeRight";
				INFOPLIST_KEY_UISupportedInterfaceOrientations_iPhone = "UIInterfaceOrientationPortrait UIInterfaceOrientationLandscapeLeft UIInterfaceOrientationLandscapeRight";
				IPHONEOS_DEPLOYMENT_TARGET = 17.2;
				LD_RUNPATH_SEARCH_PATHS = (
					"$(inherited)",
					"@executable_path/Frameworks",
				);
				MARKETING_VERSION = 1.0;
				PRODUCT_BUNDLE_IDENTIFIER = com.Quackary;
				PRODUCT_NAME = "$(TARGET_NAME)";
				SWIFT_EMIT_LOC_STRINGS = YES;
				SWIFT_VERSION = 5.0;
				TARGETED_DEVICE_FAMILY = "1,2";
			};
			name = Debug;
		};
		9DC119822C1957EE00ECF58C /* Release */ = {
			isa = XCBuildConfiguration;
			buildSettings = {
				ASSETCATALOG_COMPILER_APPICON_NAME = AppIcon;
				ASSETCATALOG_COMPILER_GLOBAL_ACCENT_COLOR_NAME = AccentColor;
				CODE_SIGN_STYLE = Automatic;
				CURRENT_PROJECT_VERSION = 1;
				DEVELOPMENT_ASSET_PATHS = "\"Quackary/Preview Content\"";
				DEVELOPMENT_TEAM = Z5LAH6MA86;
				ENABLE_PREVIEWS = YES;
				GENERATE_INFOPLIST_FILE = YES;
				INFOPLIST_KEY_UIApplicationSceneManifest_Generation = YES;
				INFOPLIST_KEY_UIApplicationSupportsIndirectInputEvents = YES;
				INFOPLIST_KEY_UILaunchScreen_Generation = YES;
				INFOPLIST_KEY_UISupportedInterfaceOrientations_iPad = "UIInterfaceOrientationPortrait UIInterfaceOrientationPortraitUpsideDown UIInterfaceOrientationLandscapeLeft UIInterfaceOrientationLandscapeRight";
				INFOPLIST_KEY_UISupportedInterfaceOrientations_iPhone = "UIInterfaceOrientationPortrait UIInterfaceOrientationLandscapeLeft UIInterfaceOrientationLandscapeRight";
				IPHONEOS_DEPLOYMENT_TARGET = 17.2;
				LD_RUNPATH_SEARCH_PATHS = (
					"$(inherited)",
					"@executable_path/Frameworks",
				);
				MARKETING_VERSION = 1.0;
				PRODUCT_BUNDLE_IDENTIFIER = com.Quackary;
				PRODUCT_NAME = "$(TARGET_NAME)";
				SWIFT_EMIT_LOC_STRINGS = YES;
				SWIFT_VERSION = 5.0;
				TARGETED_DEVICE_FAMILY = "1,2";
			};
			name = Release;
		};
/* End XCBuildConfiguration section */

/* Begin XCConfigurationList section */
		9DC1196B2C1957ED00ECF58C /* Build configuration list for PBXProject "Quackary" */ = {
			isa = XCConfigurationList;
			buildConfigurations = (
				9DC1197E2C1957EE00ECF58C /* Debug */,
				9DC1197F2C1957EE00ECF58C /* Release */,
			);
			defaultConfigurationIsVisible = 0;
			defaultConfigurationName = Release;
		};
		9DC119802C1957EE00ECF58C /* Build configuration list for PBXNativeTarget "Quackary" */ = {
			isa = XCConfigurationList;
			buildConfigurations = (
				9DC119812C1957EE00ECF58C /* Debug */,
				9DC119822C1957EE00ECF58C /* Release */,
			);
			defaultConfigurationIsVisible = 0;
			defaultConfigurationName = Release;
		};
/* End XCConfigurationList section */
	};
	rootObject = 9DC119682C1957ED00ECF58C /* Project object */;
}
